
Microsoft Visual Studio Solution File, Format Version 12.00
# Visual Studio Version 17
VisualStudioVersion = 17.14.36414.22 d17.14
MinimumVisualStudioVersion = 10.0.40219.1
Project("{FAE04EC0-301F-11D3-BF4B-00C04F79EFBC}") = "OOP-Example", "OOP-Example.csproj", "{A3147114-0A41-4F01-AB31-9609C9EF7287}"
EndProject
Global
	GlobalSection(SolutionConfigurationPlatforms) = preSolution
		Debug|Any CPU = Debug|Any CPU
		Release|Any CPU = Release|Any CPU
	EndGlobalSection
	GlobalSection(ProjectConfigurationPlatforms) = postSolution
		{A3147114-0A41-4F01-AB31-9609C9EF7287}.Debug|Any CPU.ActiveCfg = Debug|Any CPU
		{A3147114-0A41-4F01-AB31-9609C9EF7287}.Debug|Any CPU.Build.0 = Debug|Any CPU
		{A3147114-0A41-4F01-AB31-9609C9EF7287}.Release|Any CPU.ActiveCfg = Release|Any CPU
		{A3147114-0A41-4F01-AB31-9609C9EF7287}.Release|Any CPU.Build.0 = Release|Any CPU
	EndGlobalSection
	GlobalSection(SolutionProperties) = preSolution
		HideSolutionNode = FALSE
	EndGlobalSection
	GlobalSection(ExtensibilityGlobals) = postSolution
		SolutionGuid = {7FB1C828-99A7-4E37-9B25-1EDFBA1CDE28}
	EndGlobalSection
EndGlobal
